<Solution>
  <Folder Name="/Solution Items/">
    <File Path=".editorconfig" />
    <File Path=".gitignore" />
    <File Path="appveyor.yml" />
    <File Path="Directory.Build.props" />
    <File Path="NuGet.config" />
    <File Path="README.md" />
  </Folder>
  <Folder Name="/Tests/">
    <Project Path="Tests/CK.BinarySerialization.IPoco.Tests/CK.BinarySerialization.IPoco.Tests.csproj" />
    <Project Path="Tests/CK.BinarySerialization.Sliced.Tests/CK.BinarySerialization.Sliced.Tests.csproj" />
    <Project Path="Tests/CK.BinarySerialization.Tests/CK.BinarySerialization.Tests.csproj" />
  </Folder>
  <Project Path="CK.BinarySerialization.IPoco/CK.BinarySerialization.IPoco.csproj" />
  <Project Path="CK.BinarySerialization.Sliced/CK.BinarySerialization.Sliced.csproj" />
  <Project Path="CK.BinarySerialization/CK.BinarySerialization.csproj" />
</Solution>